
Microsoft Visual Studio Solution File, Format Version 12.00
# Visual Studio Version 17
VisualStudioVersion = 17.13.35931.197
MinimumVisualStudioVersion = 10.0.40219.1
Project("{FAE04EC0-301F-11D3-BF4B-00C04F79EFBC}") = "PeopleRegistration.API", "PeopleRegistration.API\PeopleRegistration.API.csproj", "{8D7D6221-8BA0-40F9-AC91-636020E82DE6}"
EndProject
Project("{FAE04EC0-301F-11D3-BF4B-00C04F79EFBC}") = "PeopleRegistration.Domain", "PeopleRegistration.Domain\PeopleRegistration.Domain.csproj", "{558453BA-5684-4278-B665-5EE101B3119B}"
EndProject
Project("{FAE04EC0-301F-11D3-BF4B-00C04F79EFBC}") = "PeopleRegistration.Application", "PeopleRegistration.Application\PeopleRegistration.Application.csproj", "{C51BEDD5-BA94-408B-94B9-7998E9858012}"
EndProject
Project("{FAE04EC0-301F-11D3-BF4B-00C04F79EFBC}") = "PeopleRegistration.Infrastructure", "PeopleRegistration.Infrastructure\PeopleRegistration.Infrastructure.csproj", "{C1E8A8A4-D4BF-4364-8599-A0B2651278E1}"
EndProject
Project("{FAE04EC0-301F-11D3-BF4B-00C04F79EFBC}") = "PeopleRegistration.Infrastructure.IoC", "PeopleRegistration.Infrastructure.IoC\PeopleRegistration.Infrastructure.IoC.csproj", "{90494DEB-5E5E-450C-956C-24E776E66895}"
EndProject
Global
	GlobalSection(SolutionConfigurationPlatforms) = preSolution
		Debug|Any CPU = Debug|Any CPU
		Release|Any CPU = Release|Any CPU
	EndGlobalSection
	GlobalSection(ProjectConfigurationPlatforms) = postSolution
		{8D7D6221-8BA0-40F9-AC91-636020E82DE6}.Debug|Any CPU.ActiveCfg = Debug|Any CPU
		{8D7D6221-8BA0-40F9-AC91-636020E82DE6}.Debug|Any CPU.Build.0 = Debug|Any CPU
		{8D7D6221-8BA0-40F9-AC91-636020E82DE6}.Release|Any CPU.ActiveCfg = Release|Any CPU
		{8D7D6221-8BA0-40F9-AC91-636020E82DE6}.Release|Any CPU.Build.0 = Release|Any CPU
		{558453BA-5684-4278-B665-5EE101B3119B}.Debug|Any CPU.ActiveCfg = Debug|Any CPU
		{558453BA-5684-4278-B665-5EE101B3119B}.Debug|Any CPU.Build.0 = Debug|Any CPU
		{558453BA-5684-4278-B665-5EE101B3119B}.Release|Any CPU.ActiveCfg = Release|Any CPU
		{558453BA-5684-4278-B665-5EE101B3119B}.Release|Any CPU.Build.0 = Release|Any CPU
		{C51BEDD5-BA94-408B-94B9-7998E9858012}.Debug|Any CPU.ActiveCfg = Debug|Any CPU
		{C51BEDD5-BA94-408B-94B9-7998E9858012}.Debug|Any CPU.Build.0 = Debug|Any CPU
		{C51BEDD5-BA94-408B-94B9-7998E9858012}.Release|Any CPU.ActiveCfg = Release|Any CPU
		{C51BEDD5-BA94-408B-94B9-7998E9858012}.Release|Any CPU.Build.0 = Release|Any CPU
		{C1E8A8A4-D4BF-4364-8599-A0B2651278E1}.Debug|Any CPU.ActiveCfg = Debug|Any CPU
		{C1E8A8A4-D4BF-4364-8599-A0B2651278E1}.Debug|Any CPU.Build.0 = Debug|Any CPU
		{C1E8A8A4-D4BF-4364-8599-A0B2651278E1}.Release|Any CPU.ActiveCfg = Release|Any CPU
		{C1E8A8A4-D4BF-4364-8599-A0B2651278E1}.Release|Any CPU.Build.0 = Release|Any CPU
		{90494DEB-5E5E-450C-956C-24E776E66895}.Debug|Any CPU.ActiveCfg = Debug|Any CPU
		{90494DEB-5E5E-450C-956C-24E776E66895}.Debug|Any CPU.Build.0 = Debug|Any CPU
		{90494DEB-5E5E-450C-956C-24E776E66895}.Release|Any CPU.ActiveCfg = Release|Any CPU
		{90494DEB-5E5E-450C-956C-24E776E66895}.Release|Any CPU.Build.0 = Release|Any CPU
	EndGlobalSection
	GlobalSection(SolutionProperties) = preSolution
		HideSolutionNode = FALSE
	EndGlobalSection
	GlobalSection(ExtensibilityGlobals) = postSolution
		SolutionGuid = {B7B07250-6C62-4880-9408-A926F632118A}
	EndGlobalSection
EndGlobal
